Microsoft Visual Studio Solution File, Format Version 12.00
# Visual Studio 15
VisualStudioVersion = 15.0.26124.0
MinimumVisualStudioVersion = 15.0.26124.0
Project("{9A19103F-16F7-4668-BE54-9A1E7A4F7556}") = "PixelFlut.Demo", "PixelFlut.Demo\PixelFlut.Demo.csproj", "{80FE4D19-0409-4179-8803-90C6DB52FCFD}"
EndProject
Project("{9A19103F-16F7-4668-BE54-9A1E7A4F7556}") = "PixelFlut.Infrastructure", "PixelFlut.Infrastructure\PixelFlut.Infrastructure.csproj", "{02D9011A-2568-4831-AC55-27B3159D49CA}"
EndProject
Global
	GlobalSection(SolutionConfigurationPlatforms) = preSolution
		Debug_Net461|Any CPU = Debug_Net461|Any CPU
		Debug_Net461|x64 = Debug_Net461|x64
		Debug_Net461|x86 = Debug_Net461|x86
		Debug|Any CPU = Debug|Any CPU
		Debug|x64 = Debug|x64
		Debug|x86 = Debug|x86
		Release_Net461|Any CPU = Release_Net461|Any CPU
		Release_Net461|x64 = Release_Net461|x64
		Release_Net461|x86 = Release_Net461|x86
		Release|Any CPU = Release|Any CPU
		Release|x64 = Release|x64
		Release|x86 = Release|x86
	EndGlobalSection
	GlobalSection(ProjectConfigurationPlatforms) = postSolution
		{80FE4D19-0409-4179-8803-90C6DB52FCFD}.Debug_Net461|Any CPU.ActiveCfg = Debug_Net461|Any CPU
		{80FE4D19-0409-4179-8803-90C6DB52FCFD}.Debug_Net461|Any CPU.Build.0 = Debug_Net461|Any CPU
		{80FE4D19-0409-4179-8803-90C6DB52FCFD}.Debug_Net461|x64.ActiveCfg = Debug_Net461|Any CPU
		{80FE4D19-0409-4179-8803-90C6DB52FCFD}.Debug_Net461|x64.Build.0 = Debug_Net461|Any CPU
		{80FE4D19-0409-4179-8803-90C6DB52FCFD}.Debug_Net461|x86.ActiveCfg = Debug_Net461|Any CPU
		{80FE4D19-0409-4179-8803-90C6DB52FCFD}.Debug_Net461|x86.Build.0 = Debug_Net461|Any CPU
		{80FE4D19-0409-4179-8803-90C6DB52FCFD}.Debug|Any CPU.ActiveCfg = Debug|Any CPU
		{80FE4D19-0409-4179-8803-90C6DB52FCFD}.Debug|Any CPU.Build.0 = Debug|Any CPU
		{80FE4D19-0409-4179-8803-90C6DB52FCFD}.Debug|x64.ActiveCfg = Debug|Any CPU
		{80FE4D19-0409-4179-8803-90C6DB52FCFD}.Debug|x64.Build.0 = Debug|Any CPU
		{80FE4D19-0409-4179-8803-90C6DB52FCFD}.Debug|x86.ActiveCfg = Debug|Any CPU
		{80FE4D19-0409-4179-8803-90C6DB52FCFD}.Debug|x86.Build.0 = Debug|Any CPU
		{80FE4D19-0409-4179-8803-90C6DB52FCFD}.Release_Net461|Any CPU.ActiveCfg = Release_Net461|Any CPU
		{80FE4D19-0409-4179-8803-90C6DB52FCFD}.Release_Net461|Any CPU.Build.0 = Release_Net461|Any CPU
		{80FE4D19-0409-4179-8803-90C6DB52FCFD}.Release_Net461|x64.ActiveCfg = Release_Net461|Any CPU
		{80FE4D19-0409-4179-8803-90C6DB52FCFD}.Release_Net461|x64.Build.0 = Release_Net461|Any CPU
		{80FE4D19-0409-4179-8803-90C6DB52FCFD}.Release_Net461|x86.ActiveCfg = Release_Net461|Any CPU
		{80FE4D19-0409-4179-8803-90C6DB52FCFD}.Release_Net461|x86.Build.0 = Release_Net461|Any CPU
		{80FE4D19-0409-4179-8803-90C6DB52FCFD}.Release|Any CPU.ActiveCfg = Release|Any CPU
		{80FE4D19-0409-4179-8803-90C6DB52FCFD}.Release|Any CPU.Build.0 = Release|Any CPU
		{80FE4D19-0409-4179-8803-90C6DB52FCFD}.Release|x64.ActiveCfg = Release|Any CPU
		{80FE4D19-0409-4179-8803-90C6DB52FCFD}.Release|x64.Build.0 = Release|Any CPU
		{80FE4D19-0409-4179-8803-90C6DB52FCFD}.Release|x86.ActiveCfg = Release|Any CPU
		{80FE4D19-0409-4179-8803-90C6DB52FCFD}.Release|x86.Build.0 = Release|Any CPU
		{02D9011A-2568-4831-AC55-27B3159D49CA}.Debug_Net461|Any CPU.ActiveCfg = Debug_Net461|Any CPU
		{02D9011A-2568-4831-AC55-27B3159D49CA}.Debug_Net461|Any CPU.Build.0 = Debug_Net461|Any CPU
		{02D9011A-2568-4831-AC55-27B3159D49CA}.Debug_Net461|x64.ActiveCfg = Debug_Net461|Any CPU
		{02D9011A-2568-4831-AC55-27B3159D49CA}.Debug_Net461|x64.Build.0 = Debug_Net461|Any CPU
		{02D9011A-2568-4831-AC55-27B3159D49CA}.Debug_Net461|x86.ActiveCfg = Debug_Net461|Any CPU
		{02D9011A-2568-4831-AC55-27B3159D49CA}.Debug_Net461|x86.Build.0 = Debug_Net461|Any CPU
		{02D9011A-2568-4831-AC55-27B3159D49CA}.Debug|Any CPU.ActiveCfg = Debug|Any CPU
		{02D9011A-2568-4831-AC55-27B3159D49CA}.Debug|Any CPU.Build.0 = Debug|Any CPU
		{02D9011A-2568-4831-AC55-27B3159D49CA}.Debug|x64.ActiveCfg = Debug|Any CPU
		{02D9011A-2568-4831-AC55-27B3159D49CA}.Debug|x64.Build.0 = Debug|Any CPU
		{02D9011A-2568-4831-AC55-27B3159D49CA}.Debug|x86.ActiveCfg = Debug|Any CPU
		{02D9011A-2568-4831-AC55-27B3159D49CA}.Debug|x86.Build.0 = Debug|Any CPU
		{02D9011A-2568-4831-AC55-27B3159D49CA}.Release_Net461|Any CPU.ActiveCfg = Release_Net461|Any CPU
		{02D9011A-2568-4831-AC55-27B3159D49CA}.Release_Net461|Any CPU.Build.0 = Release_Net461|Any CPU
		{02D9011A-2568-4831-AC55-27B3159D49CA}.Release_Net461|x64.ActiveCfg = Release_Net461|Any CPU
		{02D9011A-2568-4831-AC55-27B3159D49CA}.Release_Net461|x64.Build.0 = Release_Net461|Any CPU
		{02D9011A-2568-4831-AC55-27B3159D49CA}.Release_Net461|x86.ActiveCfg = Release_Net461|Any CPU
		{02D9011A-2568-4831-AC55-27B3159D49CA}.Release_Net461|x86.Build.0 = Release_Net461|Any CPU
		{02D9011A-2568-4831-AC55-27B3159D49CA}.Release|Any CPU.ActiveCfg = Release|Any CPU
		{02D9011A-2568-4831-AC55-27B3159D49CA}.Release|Any CPU.Build.0 = Release|Any CPU
		{02D9011A-2568-4831-AC55-27B3159D49CA}.Release|x64.ActiveCfg = Release|Any CPU
		{02D9011A-2568-4831-AC55-27B3159D49CA}.Release|x64.Build.0 = Release|Any CPU
		{02D9011A-2568-4831-AC55-27B3159D49CA}.Release|x86.ActiveCfg = Release|Any CPU
		{02D9011A-2568-4831-AC55-27B3159D49CA}.Release|x86.Build.0 = Release|Any CPU
	EndGlobalSection
	GlobalSection(SolutionProperties) = preSolution
		HideSolutionNode = FALSE
	EndGlobalSection
	GlobalSection(ExtensibilityGlobals) = postSolution
		SolutionGuid = {FB047EB1-273E-4CF6-9476-8D9328E15FB9}
	EndGlobalSection
EndGlobal
